
Microsoft Visual Studio Solution File, Format Version 12.00
# Visual Studio Version 17
VisualStudioVersion = 17.6.33513.286
MinimumVisualStudioVersion = 10.0.40219.1
Project("{9A19103F-16F7-4668-BE54-9A1E7A4F7556}") = "APIContagem", "APIContagem.csproj", "{AEA13F5A-43CE-4201-8DD1-8B2A7ED21411}"
EndProject
Global
	GlobalSection(SolutionConfigurationPlatforms) = preSolution
		Debug|Any CPU = Debug|Any CPU
		Release|Any CPU = Release|Any CPU
	EndGlobalSection
	GlobalSection(ProjectConfigurationPlatforms) = postSolution
		{AEA13F5A-43CE-4201-8DD1-8B2A7ED21411}.Debug|Any CPU.ActiveCfg = Debug|Any CPU
		{AEA13F5A-43CE-4201-8DD1-8B2A7ED21411}.Debug|Any CPU.Build.0 = Debug|Any CPU
		{AEA13F5A-43CE-4201-8DD1-8B2A7ED21411}.Release|Any CPU.ActiveCfg = Release|Any CPU
		{AEA13F5A-43CE-4201-8DD1-8B2A7ED21411}.Release|Any CPU.Build.0 = Release|Any CPU
	EndGlobalSection
	GlobalSection(SolutionProperties) = preSolution
		HideSolutionNode = FALSE
	EndGlobalSection
	GlobalSection(ExtensibilityGlobals) = postSolution
		SolutionGuid = {C83CF01E-61F3-4D2D-A414-8A5BE8265CBD}
	EndGlobalSection
EndGlobal
